{
  "projects": [
    {
      "projectId": "9Vr5YWkf3w7jj6SsTcCEta",
      "version": "0.15.0",
      "dependencies": {},
      "lang": "js",
      "fileLocks": [
        {
          "assetId": "9Vr5YWkf3w7jj6SsTcCEta",
          "type": "projectCss",
          "checksum": "1c02168c6b23256606111fdfdbb63549"
        }
      ],
      "codegenVersion": "0.0.1"
    },
    {
      "projectId": "jkU633o1Cz7HrJdwdxhVHk",
      "version": "16.15.0",
      "dependencies": {},
      "lang": "js",
      "fileLocks": [
        {
          "assetId": "jkU633o1Cz7HrJdwdxhVHk",
          "type": "projectCss",
          "checksum": "cf57d229ecea50678d9d8d3bc0e3dd9b"
        }
      ],
      "codegenVersion": "0.0.1"
    },
    {
      "projectId": "ohDidvG9XsCeFumugENU3J",
      "version": "6.31.0",
      "dependencies": {},
      "lang": "js",
      "fileLocks": [
        {
          "assetId": "ohDidvG9XsCeFumugENU3J",
          "type": "projectCss",
          "checksum": "ba2a60a163fca4f4d510275088a2be53"
        },
        {
          "assetId": "ohDidvG9XsCeFumugENU3J",
          "checksum": "f9cc098ce5640eefe7d9edb8470a210c",
          "type": "globalContexts"
        }
      ],
      "codegenVersion": "0.0.1"
    },
    {
      "projectId": "itEW3TMfVm3rf4KPtJBbHb",
      "version": "latest",
      "dependencies": {
        "ohDidvG9XsCeFumugENU3J": "6.31.0",
        "jkU633o1Cz7HrJdwdxhVHk": "16.15.0",
        "9Vr5YWkf3w7jj6SsTcCEta": "0.15.0"
      },
      "lang": "js",
      "fileLocks": [
        {
          "type": "globalVariant",
          "assetId": "u4w3lh1APA2r",
          "checksum": "017ff744cd8cf2ed99e363c0a470536c"
        },
        {
          "assetId": "itEW3TMfVm3rf4KPtJBbHb",
          "checksum": "858576e49823c86351f6cdc2962ffccb",
          "type": "globalContexts"
        },
        {
          "type": "renderModule",
          "assetId": "gLW07mLq65g3",
          "checksum": "827457afb831cfb6cee0b366635ca543"
        },
        {
          "type": "cssRules",
          "assetId": "gLW07mLq65g3",
          "checksum": "827457afb831cfb6cee0b366635ca543"
        },
        {
          "type": "renderModule",
          "assetId": "2JsT7BgVWPVG",
          "checksum": "761ca1b36bdbd2c5d6f4454963b21643"
        },
        {
          "type": "cssRules",
          "assetId": "2JsT7BgVWPVG",
          "checksum": "761ca1b36bdbd2c5d6f4454963b21643"
        },
        {
          "type": "icon",
          "assetId": "_vXhoRz0wUyQ",
          "checksum": "be0eb6e1467639203aae4869addf02c2"
        },
        {
          "type": "icon",
          "assetId": "zor9L85JMEi7",
          "checksum": "5492237b21260247b23cb5221db2bc74"
        },
        {
          "assetId": "itEW3TMfVm3rf4KPtJBbHb",
          "type": "projectCss",
          "checksum": "aef3ad46f85aa0e70568da25e25f89b1"
        }
      ],
      "codegenVersion": "0.0.1"
    }
  ],
  "cliVersion": "0.1.338"
}
